// !$*UTF8*$!
{
	archiveVersion = 1;
	classes = {
	};
	objectVersion = 56;
	objects = {

/* Begin PBXBuildFile section */
		09C3CC0E2C3AECA9009AECFF /* GoogleService-Info.plist in Resources */ = {isa = PBXBuildFile; fileRef = 09C3CC0D2C3AECA9009AECFF /* GoogleService-Info.plist */; };
		09D6748D2C3AA49D0069E587 /* RickAndMortyApp.swift in Sources */ = {isa = PBXBuildFile; fileRef = 09D6748C2C3AA49D0069E587 /* RickAndMortyApp.swift */; };
		09D6748F2C3AA49D0069E587 /* TabsView.swift in Sources */ = {isa = PBXBuildFile; fileRef = 09D6748E2C3AA49D0069E587 /* TabsView.swift */; };
		09D674912C3AA49E0069E587 /* Assets.xcassets in Resources */ = {isa = PBXBuildFile; fileRef = 09D674902C3AA49E0069E587 /* Assets.xcassets */; };
		09D674942C3AA49E0069E587 /* Preview Assets.xcassets in Resources */ = {isa = PBXBuildFile; fileRef = 09D674932C3AA49E0069E587 /* Preview Assets.xcassets */; };
		09D6749E2C3AA64B0069E587 /* Character.swift in Sources */ = {isa = PBXBuildFile; fileRef = 09D6749D2C3AA64B0069E587 /* Character.swift */; };
		09D674A22C3AA7A70069E587 /* CharactersView.swift in Sources */ = {isa = PBXBuildFile; fileRef = 09D674A12C3AA7A70069E587 /* CharactersView.swift */; };
		09D674A62C3AA7DF0069E587 /* LocationsView.swift in Sources */ = {isa = PBXBuildFile; fileRef = 09D674A52C3AA7DF0069E587 /* LocationsView.swift */; };
		09D674A82C3AA7F10069E587 /* EpisodesView.swift in Sources */ = {isa = PBXBuildFile; fileRef = 09D674A72C3AA7F10069E587 /* EpisodesView.swift */; };
		09D674AA2C3AA8080069E587 /* SettingsView.swift in Sources */ = {isa = PBXBuildFile; fileRef = 09D674A92C3AA8080069E587 /* SettingsView.swift */; };
		09D674AC2C3AAB4E0069E587 /* CharactersViewModel.swift in Sources */ = {isa = PBXBuildFile; fileRef = 09D674AB2C3AAB4E0069E587 /* CharactersViewModel.swift */; };
		09D674AE2C3AADBC0069E587 /* CharacterDetailView.swift in Sources */ = {isa = PBXBuildFile; fileRef = 09D674AD2C3AADBC0069E587 /* CharacterDetailView.swift */; };
		09D674B02C3ABD400069E587 /* CharacterDetailViewModel.swift in Sources */ = {isa = PBXBuildFile; fileRef = 09D674AF2C3ABD400069E587 /* CharacterDetailViewModel.swift */; };
		09D674B32C3AD4960069E587 /* CharacterCell.swift in Sources */ = {isa = PBXBuildFile; fileRef = 09D674B22C3AD4960069E587 /* CharacterCell.swift */; };
		09D674B52C3AD6F30069E587 /* UpdateView.swift in Sources */ = {isa = PBXBuildFile; fileRef = 09D674B42C3AD6F30069E587 /* UpdateView.swift */; };
		09D674B82C3AD9210069E587 /* FirebaseRemoteConfig in Frameworks */ = {isa = PBXBuildFile; productRef = 09D674B72C3AD9210069E587 /* FirebaseRemoteConfig */; };
		09D674BA2C3AD9210069E587 /* FirebaseRemoteConfigSwift in Frameworks */ = {isa = PBXBuildFile; productRef = 09D674B92C3AD9210069E587 /* FirebaseRemoteConfigSwift */; };
		09D674BE2C3ADE280069E587 /* RemoteConfigManager.swift in Sources */ = {isa = PBXBuildFile; fileRef = 09D674BD2C3ADE280069E587 /* RemoteConfigManager.swift */; };
		09D674C02C3ADF3B0069E587 /* RootView.swift in Sources */ = {isa = PBXBuildFile; fileRef = 09D674BF2C3ADF3B0069E587 /* RootView.swift */; };
/* End PBXBuildFile section */

/* Begin PBXFileReference section */
		09C3CC0D2C3AECA9009AECFF /* GoogleService-Info.plist */ = {isa = PBXFileReference; fileEncoding = 4; lastKnownFileType = text.plist.xml; name = "GoogleService-Info.plist"; path = "../../../../Downloads/GoogleService-Info.plist"; sourceTree = "<group>"; };
		09D674892C3AA49D0069E587 /* RickAndMortyApp.app */ = {isa = PBXFileReference; explicitFileType = wrapper.application; includeInIndex = 0; path = RickAndMortyApp.app; sourceTree = BUILT_PRODUCTS_DIR; };
		09D6748C2C3AA49D0069E587 /* RickAndMortyApp.swift */ = {isa = PBXFileReference; lastKnownFileType = sourcecode.swift; path = RickAndMortyApp.swift; sourceTree = "<group>"; };
		09D6748E2C3AA49D0069E587 /* TabsView.swift */ = {isa = PBXFileReference; lastKnownFileType = sourcecode.swift; path = TabsView.swift; sourceTree = "<group>"; };
		09D674902C3AA49E0069E587 /* Assets.xcassets */ = {isa = PBXFileReference; lastKnownFileType = folder.assetcatalog; path = Assets.xcassets; sourceTree = "<group>"; };
		09D674932C3AA49E0069E587 /* Preview Assets.xcassets */ = {isa = PBXFileReference; lastKnownFileType = folder.assetcatalog; path = "Preview Assets.xcassets"; sourceTree = "<group>"; };
		09D6749D2C3AA64B0069E587 /* Character.swift */ = {isa = PBXFileReference; lastKnownFileType = sourcecode.swift; path = Character.swift; sourceTree = "<group>"; };
		09D674A12C3AA7A70069E587 /* CharactersView.swift */ = {isa = PBXFileReference; lastKnownFileType = sourcecode.swift; path = CharactersView.swift; sourceTree = "<group>"; };
		09D674A52C3AA7DF0069E587 /* LocationsView.swift */ = {isa = PBXFileReference; lastKnownFileType = sourcecode.swift; path = LocationsView.swift; sourceTree = "<group>"; };
		09D674A72C3AA7F10069E587 /* EpisodesView.swift */ = {isa = PBXFileReference; lastKnownFileType = sourcecode.swift; path = EpisodesView.swift; sourceTree = "<group>"; };
		09D674A92C3AA8080069E587 /* SettingsView.swift */ = {isa = PBXFileReference; lastKnownFileType = sourcecode.swift; path = SettingsView.swift; sourceTree = "<group>"; };
		09D674AB2C3AAB4E0069E587 /* CharactersViewModel.swift */ = {isa = PBXFileReference; lastKnownFileType = sourcecode.swift; path = CharactersViewModel.swift; sourceTree = "<group>"; };
		09D674AD2C3AADBC0069E587 /* CharacterDetailView.swift */ = {isa = PBXFileReference; lastKnownFileType = sourcecode.swift; path = CharacterDetailView.swift; sourceTree = "<group>"; };
		09D674AF2C3ABD400069E587 /* CharacterDetailViewModel.swift */ = {isa = PBXFileReference; lastKnownFileType = sourcecode.swift; path = CharacterDetailViewModel.swift; sourceTree = "<group>"; };
		09D674B22C3AD4960069E587 /* CharacterCell.swift */ = {isa = PBXFileReference; lastKnownFileType = sourcecode.swift; path = CharacterCell.swift; sourceTree = "<group>"; };
		09D674B42C3AD6F30069E587 /* UpdateView.swift */ = {isa = PBXFileReference; lastKnownFileType = sourcecode.swift; path = UpdateView.swift; sourceTree = "<group>"; };
		09D674BD2C3ADE280069E587 /* RemoteConfigManager.swift */ = {isa = PBXFileReference; lastKnownFileType = sourcecode.swift; path = RemoteConfigManager.swift; sourceTree = "<group>"; };
		09D674BF2C3ADF3B0069E587 /* RootView.swift */ = {isa = PBXFileReference; lastKnownFileType = sourcecode.swift; path = RootView.swift; sourceTree = "<group>"; };
/* End PBXFileReference section */

/* Begin PBXFrameworksBuildPhase section */
		09D674862C3AA49D0069E587 /* Frameworks */ = {
			isa = PBXFrameworksBuildPhase;
			buildActionMask = 2147483647;
			files = (
				09D674B82C3AD9210069E587 /* FirebaseRemoteConfig in Frameworks */,
				09D674BA2C3AD9210069E587 /* FirebaseRemoteConfigSwift in Frameworks */,
			);
			runOnlyForDeploymentPostprocessing = 0;
		};
/* End PBXFrameworksBuildPhase section */

/* Begin PBXGroup section */
		098CB8C62C3B030A00E9D6D9 /* Network */ = {
			isa = PBXGroup;
			children = (
				09D674BD2C3ADE280069E587 /* RemoteConfigManager.swift */,
			);
			path = Network;
			sourceTree = "<group>";
		};
		098CB8C82C3B037800E9D6D9 /* Character */ = {
			isa = PBXGroup;
			children = (
				09D674A12C3AA7A70069E587 /* CharactersView.swift */,
				09D674AD2C3AADBC0069E587 /* CharacterDetailView.swift */,
				09D674B22C3AD4960069E587 /* CharacterCell.swift */,
			);
			path = Character;
			sourceTree = "<group>";
		};
		09D674802C3AA49D0069E587 = {
			isa = PBXGroup;
			children = (
				09D6748B2C3AA49D0069E587 /* RickAndMortyApp */,
				09D6748A2C3AA49D0069E587 /* Products */,
			);
			sourceTree = "<group>";
		};
		09D6748A2C3AA49D0069E587 /* Products */ = {
			isa = PBXGroup;
			children = (
				09D674892C3AA49D0069E587 /* RickAndMortyApp.app */,
			);
			name = Products;
			sourceTree = "<group>";
		};
		09D6748B2C3AA49D0069E587 /* RickAndMortyApp */ = {
			isa = PBXGroup;
			children = (
				09C3CC0D2C3AECA9009AECFF /* GoogleService-Info.plist */,
				098CB8C62C3B030A00E9D6D9 /* Network */,
				09D6749A2C3AA5970069E587 /* Models */,
				09D6749B2C3AA5A60069E587 /* Views */,
				09D6749C2C3AA5B70069E587 /* ViewModels */,
				09D6748C2C3AA49D0069E587 /* RickAndMortyApp.swift */,
				09D674902C3AA49E0069E587 /* Assets.xcassets */,
				09D674922C3AA49E0069E587 /* Preview Content */,
			);
			path = RickAndMortyApp;
			sourceTree = "<group>";
		};
		09D674922C3AA49E0069E587 /* Preview Content */ = {
			isa = PBXGroup;
			children = (
				09D674932C3AA49E0069E587 /* Preview Assets.xcassets */,
			);
			path = "Preview Content";
			sourceTree = "<group>";
		};
		09D6749A2C3AA5970069E587 /* Models */ = {
			isa = PBXGroup;
			children = (
				09D6749D2C3AA64B0069E587 /* Character.swift */,
			);
			path = Models;
			sourceTree = "<group>";
		};
		09D6749B2C3AA5A60069E587 /* Views */ = {
			isa = PBXGroup;
			children = (
				098CB8C82C3B037800E9D6D9 /* Character */,
				09D674B42C3AD6F30069E587 /* UpdateView.swift */,
				09D674A52C3AA7DF0069E587 /* LocationsView.swift */,
				09D674A72C3AA7F10069E587 /* EpisodesView.swift */,
				09D674A92C3AA8080069E587 /* SettingsView.swift */,
				09D6748E2C3AA49D0069E587 /* TabsView.swift */,
				09D674BF2C3ADF3B0069E587 /* RootView.swift */,
			);
			path = Views;
			sourceTree = "<group>";
		};
		09D6749C2C3AA5B70069E587 /* ViewModels */ = {
			isa = PBXGroup;
			children = (
				09D674AB2C3AAB4E0069E587 /* CharactersViewModel.swift */,
				09D674AF2C3ABD400069E587 /* CharacterDetailViewModel.swift */,
			);
			path = ViewModels;
			sourceTree = "<group>";
		};
/* End PBXGroup section */

/* Begin PBXNativeTarget section */
		09D674882C3AA49D0069E587 /* RickAndMortyApp */ = {
			isa = PBXNativeTarget;
			buildConfigurationList = 09D674972C3AA49E0069E587 /* Build configuration list for PBXNativeTarget "RickAndMortyApp" */;
			buildPhases = (
				09D674852C3AA49D0069E587 /* Sources */,
				09D674862C3AA49D0069E587 /* Frameworks */,
				09D674872C3AA49D0069E587 /* Resources */,
			);
			buildRules = (
			);
			dependencies = (
			);
			name = RickAndMortyApp;
			packageProductDependencies = (
				09D674B72C3AD9210069E587 /* FirebaseRemoteConfig */,
				09D674B92C3AD9210069E587 /* FirebaseRemoteConfigSwift */,
			);
			productName = RickAndMortyApp;
			productReference = 09D674892C3AA49D0069E587 /* RickAndMortyApp.app */;
			productType = "com.apple.product-type.application";
		};
/* End PBXNativeTarget section */

/* Begin PBXProject section */
		09D674812C3AA49D0069E587 /* Project object */ = {
			isa = PBXProject;
			attributes = {
				BuildIndependentTargetsInParallel = 1;
				LastSwiftUpdateCheck = 1540;
				LastUpgradeCheck = 1540;
				TargetAttributes = {
					09D674882C3AA49D0069E587 = {
						CreatedOnToolsVersion = 15.4;
					};
				};
			};
			buildConfigurationList = 09D674842C3AA49D0069E587 /* Build configuration list for PBXProject "RickAndMortyApp" */;
			compatibilityVersion = "Xcode 14.0";
			developmentRegion = en;
			hasScannedForEncodings = 0;
			knownRegions = (
				en,
				Base,
			);
			mainGroup = 09D674802C3AA49D0069E587;
			packageReferences = (
				09D674B62C3AD9210069E587 /* XCRemoteSwiftPackageReference "firebase-ios-sdk" */,
			);
			productRefGroup = 09D6748A2C3AA49D0069E587 /* Products */;
			projectDirPath = "";
			projectRoot = "";
			targets = (
				09D674882C3AA49D0069E587 /* RickAndMortyApp */,
			);
		};
/* End PBXProject section */

/* Begin PBXResourcesBuildPhase section */
		09D674872C3AA49D0069E587 /* Resources */ = {
			isa = PBXResourcesBuildPhase;
			buildActionMask = 2147483647;
			files = (
				09D674942C3AA49E0069E587 /* Preview Assets.xcassets in Resources */,
				09D674912C3AA49E0069E587 /* Assets.xcassets in Resources */,
				09C3CC0E2C3AECA9009AECFF /* GoogleService-Info.plist in Resources */,
			);
			runOnlyForDeploymentPostprocessing = 0;
		};
/* End PBXResourcesBuildPhase section */

/* Begin PBXSourcesBuildPhase section */
		09D674852C3AA49D0069E587 /* Sources */ = {
			isa = PBXSourcesBuildPhase;
			buildActionMask = 2147483647;
			files = (
				09D674AE2C3AADBC0069E587 /* CharacterDetailView.swift in Sources */,
				09D674B52C3AD6F30069E587 /* UpdateView.swift in Sources */,
				09D674AC2C3AAB4E0069E587 /* CharactersViewModel.swift in Sources */,
				09D674AA2C3AA8080069E587 /* SettingsView.swift in Sources */,
				09D674C02C3ADF3B0069E587 /* RootView.swift in Sources */,
				09D674B32C3AD4960069E587 /* CharacterCell.swift in Sources */,
				09D674BE2C3ADE280069E587 /* RemoteConfigManager.swift in Sources */,
				09D674A82C3AA7F10069E587 /* EpisodesView.swift in Sources */,
				09D6749E2C3AA64B0069E587 /* Character.swift in Sources */,
				09D6748F2C3AA49D0069E587 /* TabsView.swift in Sources */,
				09D674A62C3AA7DF0069E587 /* LocationsView.swift in Sources */,
				09D674B02C3ABD400069E587 /* CharacterDetailViewModel.swift in Sources */,
				09D674A22C3AA7A70069E587 /* CharactersView.swift in Sources */,
				09D6748D2C3AA49D0069E587 /* RickAndMortyApp.swift in Sources */,
			);
			runOnlyForDeploymentPostprocessing = 0;
		};
/* End PBXSourcesBuildPhase section */

/* Begin XCBuildConfiguration section */
		09D674952C3AA49E0069E587 /* Debug */ = {
			isa = XCBuildConfiguration;
			buildSettings = {
				ALWAYS_SEARCH_USER_PATHS = NO;
				ASSETCATALOG_COMPILER_GENERATE_SWIFT_ASSET_SYMBOL_EXTENSIONS = YES;
				CLANG_ANALYZER_NONNULL = YES;
				CLANG_ANALYZER_NUMBER_OBJECT_CONVERSION = YES_AGGRESSIVE;
				CLANG_CXX_LANGUAGE_STANDARD = "gnu++20";
				CLANG_ENABLE_MODULES = YES;
				CLANG_ENABLE_OBJC_ARC = YES;
				CLANG_ENABLE_OBJC_WEAK = YES;
				CLANG_WARN_BLOCK_CAPTURE_AUTORELEASING = YES;
				CLANG_WARN_BOOL_CONVERSION = YES;
				CLANG_WARN_COMMA = YES;
				CLANG_WARN_CONSTANT_CONVERSION = YES;
				CLANG_WARN_DEPRECATED_OBJC_IMPLEMENTATIONS = YES;
				CLANG_WARN_DIRECT_OBJC_ISA_USAGE = YES_ERROR;
				CLANG_WARN_DOCUMENTATION_COMMENTS = YES;
				CLANG_WARN_EMPTY_BODY = YES;
				CLANG_WARN_ENUM_CONVERSION = YES;
				CLANG_WARN_INFINITE_RECURSION = YES;
				CLANG_WARN_INT_CONVERSION = YES;
				CLANG_WARN_NON_LITERAL_NULL_CONVERSION = YES;
				CLANG_WARN_OBJC_IMPLICIT_RETAIN_SELF = YES;
				CLANG_WARN_OBJC_LITERAL_CONVERSION = YES;
				CLANG_WARN_OBJC_ROOT_CLASS = YES_ERROR;
				CLANG_WARN_QUOTED_INCLUDE_IN_FRAMEWORK_HEADER = YES;
				CLANG_WARN_RANGE_LOOP_ANALYSIS = YES;
				CLANG_WARN_STRICT_PROTOTYPES = YES;
				CLANG_WARN_SUSPICIOUS_MOVE = YES;
				CLANG_WARN_UNGUARDED_AVAILABILITY = YES_AGGRESSIVE;
				CLANG_WARN_UNREACHABLE_CODE = YES;
				CLANG_WARN__DUPLICATE_METHOD_MATCH = YES;
				COPY_PHASE_STRIP = NO;
				DEBUG_INFORMATION_FORMAT = dwarf;
				ENABLE_STRICT_OBJC_MSGSEND = YES;
				ENABLE_TESTABILITY = YES;
				ENABLE_USER_SCRIPT_SANDBOXING = YES;
				GCC_C_LANGUAGE_STANDARD = gnu17;
				GCC_DYNAMIC_NO_PIC = NO;
				GCC_NO_COMMON_BLOCKS = YES;
				GCC_OPTIMIZATION_LEVEL = 0;
				GCC_PREPROCESSOR_DEFINITIONS = (
					"DEBUG=1",
					"$(inherited)",
				);
				GCC_WARN_64_TO_32_BIT_CONVERSION = YES;
				GCC_WARN_ABOUT_RETURN_TYPE = YES_ERROR;
				GCC_WARN_UNDECLARED_SELECTOR = YES;
				GCC_WARN_UNINITIALIZED_AUTOS = YES_AGGRESSIVE;
				GCC_WARN_UNUSED_FUNCTION = YES;
				GCC_WARN_UNUSED_VARIABLE = YES;
				IPHONEOS_DEPLOYMENT_TARGET = 17.5;
				LOCALIZATION_PREFERS_STRING_CATALOGS = YES;
				MTL_ENABLE_DEBUG_INFO = INCLUDE_SOURCE;
				MTL_FAST_MATH = YES;
				ONLY_ACTIVE_ARCH = YES;
				SDKROOT = iphoneos;
				SWIFT_ACTIVE_COMPILATION_CONDITIONS = "DEBUG $(inherited)";
				SWIFT_OPTIMIZATION_LEVEL = "-Onone";
			};
			name = Debug;
		};
		09D674962C3AA49E0069E587 /* Release */ = {
			isa = XCBuildConfiguration;
			buildSettings = {
				ALWAYS_SEARCH_USER_PATHS = NO;
				ASSETCATALOG_COMPILER_GENERATE_SWIFT_ASSET_SYMBOL_EXTENSIONS = YES;
				CLANG_ANALYZER_NONNULL = YES;
				CLANG_ANALYZER_NUMBER_OBJECT_CONVERSION = YES_AGGRESSIVE;
				CLANG_CXX_LANGUAGE_STANDARD = "gnu++20";
				CLANG_ENABLE_MODULES = YES;
				CLANG_ENABLE_OBJC_ARC = YES;
				CLANG_ENABLE_OBJC_WEAK = YES;
				CLANG_WARN_BLOCK_CAPTURE_AUTORELEASING = YES;
				CLANG_WARN_BOOL_CONVERSION = YES;
				CLANG_WARN_COMMA = YES;
				CLANG_WARN_CONSTANT_CONVERSION = YES;
				CLANG_WARN_DEPRECATED_OBJC_IMPLEMENTATIONS = YES;
				CLANG_WARN_DIRECT_OBJC_ISA_USAGE = YES_ERROR;
				CLANG_WARN_DOCUMENTATION_COMMENTS = YES;
				CLANG_WARN_EMPTY_BODY = YES;
				CLANG_WARN_ENUM_CONVERSION = YES;
				CLANG_WARN_INFINITE_RECURSION = YES;
				CLANG_WARN_INT_CONVERSION = YES;
				CLANG_WARN_NON_LITERAL_NULL_CONVERSION = YES;
				CLANG_WARN_OBJC_IMPLICIT_RETAIN_SELF = YES;
				CLANG_WARN_OBJC_LITERAL_CONVERSION = YES;
				CLANG_WARN_OBJC_ROOT_CLASS = YES_ERROR;
				CLANG_WARN_QUOTED_INCLUDE_IN_FRAMEWORK_HEADER = YES;
				CLANG_WARN_RANGE_LOOP_ANALYSIS = YES;
				CLANG_WARN_STRICT_PROTOTYPES = YES;
				CLANG_WARN_SUSPICIOUS_MOVE = YES;
				CLANG_WARN_UNGUARDED_AVAILABILITY = YES_AGGRESSIVE;
				CLANG_WARN_UNREACHABLE_CODE = YES;
				CLANG_WARN__DUPLICATE_METHOD_MATCH = YES;
				COPY_PHASE_STRIP = NO;
				DEBUG_INFORMATION_FORMAT = "dwarf-with-dsym";
				ENABLE_NS_ASSERTIONS = NO;
				ENABLE_STRICT_OBJC_MSGSEND = YES;
				ENABLE_USER_SCRIPT_SANDBOXING = YES;
				GCC_C_LANGUAGE_STANDARD = gnu17;
				GCC_NO_COMMON_BLOCKS = YES;
				GCC_WARN_64_TO_32_BIT_CONVERSION = YES;
				GCC_WARN_ABOUT_RETURN_TYPE = YES_ERROR;
				GCC_WARN_UNDECLARED_SELECTOR = YES;
				GCC_WARN_UNINITIALIZED_AUTOS = YES_AGGRESSIVE;
				GCC_WARN_UNUSED_FUNCTION = YES;
				GCC_WARN_UNUSED_VARIABLE = YES;
				IPHONEOS_DEPLOYMENT_TARGET = 17.5;
				LOCALIZATION_PREFERS_STRING_CATALOGS = YES;
				MTL_ENABLE_DEBUG_INFO = NO;
				MTL_FAST_MATH = YES;
				SDKROOT = iphoneos;
				SWIFT_COMPILATION_MODE = wholemodule;
				VALIDATE_PRODUCT = YES;
			};
			name = Release;
		};
		09D674982C3AA49E0069E587 /* Debug */ = {
			isa = XCBuildConfiguration;
			buildSettings = {
				ASSETCATALOG_COMPILER_APPICON_NAME = AppIcon;
				ASSETCATALOG_COMPILER_GLOBAL_ACCENT_COLOR_NAME = AccentColor;
				CODE_SIGN_STYLE = Automatic;
				CURRENT_PROJECT_VERSION = 1;
				DEVELOPMENT_ASSET_PATHS = "\"RickAndMortyApp/Preview Content\"";
				DEVELOPMENT_TEAM = 2V46R9HSAP;
				ENABLE_PREVIEWS = YES;
				GENERATE_INFOPLIST_FILE = YES;
				INFOPLIST_KEY_UIApplicationSceneManifest_Generation = YES;
				INFOPLIST_KEY_UIApplicationSupportsIndirectInputEvents = YES;
				INFOPLIST_KEY_UILaunchScreen_Generation = YES;
				INFOPLIST_KEY_UISupportedInterfaceOrientations_iPad = "UIInterfaceOrientationPortrait UIInterfaceOrientationPortraitUpsideDown UIInterfaceOrientationLandscapeLeft UIInterfaceOrientationLandscapeRight";
				INFOPLIST_KEY_UISupportedInterfaceOrientations_iPhone = "UIInterfaceOrientationPortrait UIInterfaceOrientationLandscapeLeft UIInterfaceOrientationLandscapeRight";
				LD_RUNPATH_SEARCH_PATHS = (
					"$(inherited)",
					"@executable_path/Frameworks",
				);
				MARKETING_VERSION = 1.0;
				PRODUCT_BUNDLE_IDENTIFIER = com.aamaev.RickAndMortyApp;
				PRODUCT_NAME = "$(TARGET_NAME)";
				SWIFT_EMIT_LOC_STRINGS = YES;
				SWIFT_VERSION = 5.0;
				TARGETED_DEVICE_FAMILY = "1,2";
			};
			name = Debug;
		};
		09D674992C3AA49E0069E587 /* Release */ = {
			isa = XCBuildConfiguration;
			buildSettings = {
				ASSETCATALOG_COMPILER_APPICON_NAME = AppIcon;
				ASSETCATALOG_COMPILER_GLOBAL_ACCENT_COLOR_NAME = AccentColor;
				CODE_SIGN_STYLE = Automatic;
				CURRENT_PROJECT_VERSION = 1;
				DEVELOPMENT_ASSET_PATHS = "\"RickAndMortyApp/Preview Content\"";
				DEVELOPMENT_TEAM = 2V46R9HSAP;
				ENABLE_PREVIEWS = YES;
				GENERATE_INFOPLIST_FILE = YES;
				INFOPLIST_KEY_UIApplicationSceneManifest_Generation = YES;
				INFOPLIST_KEY_UIApplicationSupportsIndirectInputEvents = YES;
				INFOPLIST_KEY_UILaunchScreen_Generation = YES;
				INFOPLIST_KEY_UISupportedInterfaceOrientations_iPad = "UIInterfaceOrientationPortrait UIInterfaceOrientationPortraitUpsideDown UIInterfaceOrientationLandscapeLeft UIInterfaceOrientationLandscapeRight";
				INFOPLIST_KEY_UISupportedInterfaceOrientations_iPhone = "UIInterfaceOrientationPortrait UIInterfaceOrientationLandscapeLeft UIInterfaceOrientationLandscapeRight";
				LD_RUNPATH_SEARCH_PATHS = (
					"$(inherited)",
					"@executable_path/Frameworks",
				);
				MARKETING_VERSION = 1.0;
				PRODUCT_BUNDLE_IDENTIFIER = com.aamaev.RickAndMortyApp;
				PRODUCT_NAME = "$(TARGET_NAME)";
				SWIFT_EMIT_LOC_STRINGS = YES;
				SWIFT_VERSION = 5.0;
				TARGETED_DEVICE_FAMILY = "1,2";
			};
			name = Release;
		};
/* End XCBuildConfiguration section */

/* Begin XCConfigurationList section */
		09D674842C3AA49D0069E587 /* Build configuration list for PBXProject "RickAndMortyApp" */ = {
			isa = XCConfigurationList;
			buildConfigurations = (
				09D674952C3AA49E0069E587 /* Debug */,
				09D674962C3AA49E0069E587 /* Release */,
			);
			defaultConfigurationIsVisible = 0;
			defaultConfigurationName = Release;
		};
		09D674972C3AA49E0069E587 /* Build configuration list for PBXNativeTarget "RickAndMortyApp" */ = {
			isa = XCConfigurationList;
			buildConfigurations = (
				09D674982C3AA49E0069E587 /* Debug */,
				09D674992C3AA49E0069E587 /* Release */,
			);
			defaultConfigurationIsVisible = 0;
			defaultConfigurationName = Release;
		};
/* End XCConfigurationList section */

/* Begin XCRemoteSwiftPackageReference section */
		09D674B62C3AD9210069E587 /* XCRemoteSwiftPackageReference "firebase-ios-sdk" */ = {
			isa = XCRemoteSwiftPackageReference;
			repositoryURL = "https://github.com/firebase/firebase-ios-sdk";
			requirement = {
				kind = upToNextMajorVersion;
				minimumVersion = 10.28.1;
			};
		};
/* End XCRemoteSwiftPackageReference section */

/* Begin XCSwiftPackageProductDependency section */
		09D674B72C3AD9210069E587 /* FirebaseRemoteConfig */ = {
			isa = XCSwiftPackageProductDependency;
			package = 09D674B62C3AD9210069E587 /* XCRemoteSwiftPackageReference "firebase-ios-sdk" */;
			productName = FirebaseRemoteConfig;
		};
		09D674B92C3AD9210069E587 /* FirebaseRemoteConfigSwift */ = {
			isa = XCSwiftPackageProductDependency;
			package = 09D674B62C3AD9210069E587 /* XCRemoteSwiftPackageReference "firebase-ios-sdk" */;
			productName = FirebaseRemoteConfigSwift;
		};
/* End XCSwiftPackageProductDependency section */
	};
	rootObject = 09D674812C3AA49D0069E587 /* Project object */;
}
